// !$*UTF8*$!
{
	archiveVersion = 1;
	classes = {
	};
	objectVersion = 56;
	objects = {

/* Begin PBXBuildFile section */
		6F9DF7182A4294380076B788 /* AppDelegate.swift in Sources */ = {isa = PBXBuildFile; fileRef = 6F9DF7172A4294380076B788 /* AppDelegate.swift */; };
		6F9DF71A2A4294380076B788 /* SceneDelegate.swift in Sources */ = {isa = PBXBuildFile; fileRef = 6F9DF7192A4294380076B788 /* SceneDelegate.swift */; };
		6F9DF71C2A4294380076B788 /* ViewController.swift in Sources */ = {isa = PBXBuildFile; fileRef = 6F9DF71B2A4294380076B788 /* ViewController.swift */; };
		6F9DF71F2A4294380076B788 /* Main.storyboard in Resources */ = {isa = PBXBuildFile; fileRef = 6F9DF71D2A4294380076B788 /* Main.storyboard */; };
		6F9DF7212A4294390076B788 /* Assets.xcassets in Resources */ = {isa = PBXBuildFile; fileRef = 6F9DF7202A4294390076B788 /* Assets.xcassets */; };
		6F9DF7242A4294390076B788 /* LaunchScreen.storyboard in Resources */ = {isa = PBXBuildFile; fileRef = 6F9DF7222A4294390076B788 /* LaunchScreen.storyboard */; };
		6F9DF72C2A4294D20076B788 /* RowCell.swift in Sources */ = {isa = PBXBuildFile; fileRef = 6F9DF72B2A4294D20076B788 /* RowCell.swift */; };
		6F9DF72F2A4295080076B788 /* SnapKit in Frameworks */ = {isa = PBXBuildFile; productRef = 6F9DF72E2A4295080076B788 /* SnapKit */; };
		6F9DF7312A429AC40076B788 /* ItemCell.swift in Sources */ = {isa = PBXBuildFile; fileRef = 6F9DF7302A429AC40076B788 /* ItemCell.swift */; };
/* End PBXBuildFile section */

/* Begin PBXFileReference section */
		6F9DF7142A4294380076B788 /* nest-collection-demo.app */ = {isa = PBXFileReference; explicitFileType = wrapper.application; includeInIndex = 0; path = "nest-collection-demo.app"; sourceTree = BUILT_PRODUCTS_DIR; };
		6F9DF7172A4294380076B788 /* AppDelegate.swift */ = {isa = PBXFileReference; lastKnownFileType = sourcecode.swift; path = AppDelegate.swift; sourceTree = "<group>"; };
		6F9DF7192A4294380076B788 /* SceneDelegate.swift */ = {isa = PBXFileReference; lastKnownFileType = sourcecode.swift; path = SceneDelegate.swift; sourceTree = "<group>"; };
		6F9DF71B2A4294380076B788 /* ViewController.swift */ = {isa = PBXFileReference; lastKnownFileType = sourcecode.swift; path = ViewController.swift; sourceTree = "<group>"; };
		6F9DF71E2A4294380076B788 /* Base */ = {isa = PBXFileReference; lastKnownFileType = file.storyboard; name = Base; path = Base.lproj/Main.storyboard; sourceTree = "<group>"; };
		6F9DF7202A4294390076B788 /* Assets.xcassets */ = {isa = PBXFileReference; lastKnownFileType = folder.assetcatalog; path = Assets.xcassets; sourceTree = "<group>"; };
		6F9DF7232A4294390076B788 /* Base */ = {isa = PBXFileReference; lastKnownFileType = file.storyboard; name = Base; path = Base.lproj/LaunchScreen.storyboard; sourceTree = "<group>"; };
		6F9DF7252A4294390076B788 /* Info.plist */ = {isa = PBXFileReference; lastKnownFileType = text.plist.xml; path = Info.plist; sourceTree = "<group>"; };
		6F9DF72B2A4294D20076B788 /* RowCell.swift */ = {isa = PBXFileReference; lastKnownFileType = sourcecode.swift; path = RowCell.swift; sourceTree = "<group>"; };
		6F9DF7302A429AC40076B788 /* ItemCell.swift */ = {isa = PBXFileReference; lastKnownFileType = sourcecode.swift; path = ItemCell.swift; sourceTree = "<group>"; };
/* End PBXFileReference section */

/* Begin PBXFrameworksBuildPhase section */
		6F9DF7112A4294380076B788 /* Frameworks */ = {
			isa = PBXFrameworksBuildPhase;
			buildActionMask = 2147483647;
			files = (
				6F9DF72F2A4295080076B788 /* SnapKit in Frameworks */,
			);
			runOnlyForDeploymentPostprocessing = 0;
		};
/* End PBXFrameworksBuildPhase section */

/* Begin PBXGroup section */
		6F9DF70B2A4294380076B788 = {
			isa = PBXGroup;
			children = (
				6F9DF7162A4294380076B788 /* nest-collection-demo */,
				6F9DF7152A4294380076B788 /* Products */,
			);
			sourceTree = "<group>";
		};
		6F9DF7152A4294380076B788 /* Products */ = {
			isa = PBXGroup;
			children = (
				6F9DF7142A4294380076B788 /* nest-collection-demo.app */,
			);
			name = Products;
			sourceTree = "<group>";
		};
		6F9DF7162A4294380076B788 /* nest-collection-demo */ = {
			isa = PBXGroup;
			children = (
				6F9DF7172A4294380076B788 /* AppDelegate.swift */,
				6F9DF7192A4294380076B788 /* SceneDelegate.swift */,
				6F9DF71B2A4294380076B788 /* ViewController.swift */,
				6F9DF7302A429AC40076B788 /* ItemCell.swift */,
				6F9DF72B2A4294D20076B788 /* RowCell.swift */,
				6F9DF71D2A4294380076B788 /* Main.storyboard */,
				6F9DF7202A4294390076B788 /* Assets.xcassets */,
				6F9DF7222A4294390076B788 /* LaunchScreen.storyboard */,
				6F9DF7252A4294390076B788 /* Info.plist */,
			);
			path = "nest-collection-demo";
			sourceTree = "<group>";
		};
/* End PBXGroup section */

/* Begin PBXNativeTarget section */
		6F9DF7132A4294380076B788 /* nest-collection-demo */ = {
			isa = PBXNativeTarget;
			buildConfigurationList = 6F9DF7282A4294390076B788 /* Build configuration list for PBXNativeTarget "nest-collection-demo" */;
			buildPhases = (
				6F9DF7102A4294380076B788 /* Sources */,
				6F9DF7112A4294380076B788 /* Frameworks */,
				6F9DF7122A4294380076B788 /* Resources */,
			);
			buildRules = (
			);
			dependencies = (
			);
			name = "nest-collection-demo";
			packageProductDependencies = (
				6F9DF72E2A4295080076B788 /* SnapKit */,
			);
			productName = "nest-collection-demo";
			productReference = 6F9DF7142A4294380076B788 /* nest-collection-demo.app */;
			productType = "com.apple.product-type.application";
		};
/* End PBXNativeTarget section */

/* Begin PBXProject section */
		6F9DF70C2A4294380076B788 /* Project object */ = {
			isa = PBXProject;
			attributes = {
				BuildIndependentTargetsInParallel = 1;
				LastSwiftUpdateCheck = 1430;
				LastUpgradeCheck = 1430;
				TargetAttributes = {
					6F9DF7132A4294380076B788 = {
						CreatedOnToolsVersion = 14.3.1;
					};
				};
			};
			buildConfigurationList = 6F9DF70F2A4294380076B788 /* Build configuration list for PBXProject "nest-collection-demo" */;
			compatibilityVersion = "Xcode 14.0";
			developmentRegion = en;
			hasScannedForEncodings = 0;
			knownRegions = (
				en,
				Base,
			);
			mainGroup = 6F9DF70B2A4294380076B788;
			packageReferences = (
				6F9DF72D2A4295080076B788 /* XCRemoteSwiftPackageReference "SnapKit" */,
			);
			productRefGroup = 6F9DF7152A4294380076B788 /* Products */;
			projectDirPath = "";
			projectRoot = "";
			targets = (
				6F9DF7132A4294380076B788 /* nest-collection-demo */,
			);
		};
/* End PBXProject section */

/* Begin PBXResourcesBuildPhase section */
		6F9DF7122A4294380076B788 /* Resources */ = {
			isa = PBXResourcesBuildPhase;
			buildActionMask = 2147483647;
			files = (
				6F9DF7242A4294390076B788 /* LaunchScreen.storyboard in Resources */,
				6F9DF7212A4294390076B788 /* Assets.xcassets in Resources */,
				6F9DF71F2A4294380076B788 /* Main.storyboard in Resources */,
			);
			runOnlyForDeploymentPostprocessing = 0;
		};
/* End PBXResourcesBuildPhase section */

/* Begin PBXSourcesBuildPhase section */
		6F9DF7102A4294380076B788 /* Sources */ = {
			isa = PBXSourcesBuildPhase;
			buildActionMask = 2147483647;
			files = (
				6F9DF72C2A4294D20076B788 /* RowCell.swift in Sources */,
				6F9DF71C2A4294380076B788 /* ViewController.swift in Sources */,
				6F9DF7182A4294380076B788 /* AppDelegate.swift in Sources */,
				6F9DF71A2A4294380076B788 /* SceneDelegate.swift in Sources */,
				6F9DF7312A429AC40076B788 /* ItemCell.swift in Sources */,
			);
			runOnlyForDeploymentPostprocessing = 0;
		};
/* End PBXSourcesBuildPhase section */

/* Begin PBXVariantGroup section */
		6F9DF71D2A4294380076B788 /* Main.storyboard */ = {
			isa = PBXVariantGroup;
			children = (
				6F9DF71E2A4294380076B788 /* Base */,
			);
			name = Main.storyboard;
			sourceTree = "<group>";
		};
		6F9DF7222A4294390076B788 /* LaunchScreen.storyboard */ = {
			isa = PBXVariantGroup;
			children = (
				6F9DF7232A4294390076B788 /* Base */,
			);
			name = LaunchScreen.storyboard;
			sourceTree = "<group>";
		};
/* End PBXVariantGroup section */

/* Begin XCBuildConfiguration section */
		6F9DF7262A4294390076B788 /* Debug */ = {
			isa = XCBuildConfiguration;
			buildSettings = {
				ALWAYS_SEARCH_USER_PATHS = NO;
				CLANG_ANALYZER_NONNULL = YES;
				CLANG_ANALYZER_NUMBER_OBJECT_CONVERSION = YES_AGGRESSIVE;
				CLANG_CXX_LANGUAGE_STANDARD = "gnu++20";
				CLANG_ENABLE_MODULES = YES;
				CLANG_ENABLE_OBJC_ARC = YES;
				CLANG_ENABLE_OBJC_WEAK = YES;
				CLANG_WARN_BLOCK_CAPTURE_AUTORELEASING = YES;
				CLANG_WARN_BOOL_CONVERSION = YES;
				CLANG_WARN_COMMA = YES;
				CLANG_WARN_CONSTANT_CONVERSION = YES;
				CLANG_WARN_DEPRECATED_OBJC_IMPLEMENTATIONS = YES;
				CLANG_WARN_DIRECT_OBJC_ISA_USAGE = YES_ERROR;
				CLANG_WARN_DOCUMENTATION_COMMENTS = YES;
				CLANG_WARN_EMPTY_BODY = YES;
				CLANG_WARN_ENUM_CONVERSION = YES;
				CLANG_WARN_INFINITE_RECURSION = YES;
				CLANG_WARN_INT_CONVERSION = YES;
				CLANG_WARN_NON_LITERAL_NULL_CONVERSION = YES;
				CLANG_WARN_OBJC_IMPLICIT_RETAIN_SELF = YES;
				CLANG_WARN_OBJC_LITERAL_CONVERSION = YES;
				CLANG_WARN_OBJC_ROOT_CLASS = YES_ERROR;
				CLANG_WARN_QUOTED_INCLUDE_IN_FRAMEWORK_HEADER = YES;
				CLANG_WARN_RANGE_LOOP_ANALYSIS = YES;
				CLANG_WARN_STRICT_PROTOTYPES = YES;
				CLANG_WARN_SUSPICIOUS_MOVE = YES;
				CLANG_WARN_UNGUARDED_AVAILABILITY = YES_AGGRESSIVE;
				CLANG_WARN_UNREACHABLE_CODE = YES;
				CLANG_WARN__DUPLICATE_METHOD_MATCH = YES;
				COPY_PHASE_STRIP = NO;
				DEBUG_INFORMATION_FORMAT = dwarf;
				ENABLE_STRICT_OBJC_MSGSEND = YES;
				ENABLE_TESTABILITY = YES;
				GCC_C_LANGUAGE_STANDARD = gnu11;
				GCC_DYNAMIC_NO_PIC = NO;
				GCC_NO_COMMON_BLOCKS = YES;
				GCC_OPTIMIZATION_LEVEL = 0;
				GCC_PREPROCESSOR_DEFINITIONS = (
					"DEBUG=1",
					"$(inherited)",
				);
				GCC_WARN_64_TO_32_BIT_CONVERSION = YES;
				GCC_WARN_ABOUT_RETURN_TYPE = YES_ERROR;
				GCC_WARN_UNDECLARED_SELECTOR = YES;
				GCC_WARN_UNINITIALIZED_AUTOS = YES_AGGRESSIVE;
				GCC_WARN_UNUSED_FUNCTION = YES;
				GCC_WARN_UNUSED_VARIABLE = YES;
				IPHONEOS_DEPLOYMENT_TARGET = 16.4;
				MTL_ENABLE_DEBUG_INFO = INCLUDE_SOURCE;
				MTL_FAST_MATH = YES;
				ONLY_ACTIVE_ARCH = YES;
				SDKROOT = iphoneos;
				SWIFT_ACTIVE_COMPILATION_CONDITIONS = DEBUG;
				SWIFT_OPTIMIZATION_LEVEL = "-Onone";
			};
			name = Debug;
		};
		6F9DF7272A4294390076B788 /* Release */ = {
			isa = XCBuildConfiguration;
			buildSettings = {
				ALWAYS_SEARCH_USER_PATHS = NO;
				CLANG_ANALYZER_NONNULL = YES;
				CLANG_ANALYZER_NUMBER_OBJECT_CONVERSION = YES_AGGRESSIVE;
				CLANG_CXX_LANGUAGE_STANDARD = "gnu++20";
				CLANG_ENABLE_MODULES = YES;
				CLANG_ENABLE_OBJC_ARC = YES;
				CLANG_ENABLE_OBJC_WEAK = YES;
				CLANG_WARN_BLOCK_CAPTURE_AUTORELEASING = YES;
				CLANG_WARN_BOOL_CONVERSION = YES;
				CLANG_WARN_COMMA = YES;
				CLANG_WARN_CONSTANT_CONVERSION = YES;
				CLANG_WARN_DEPRECATED_OBJC_IMPLEMENTATIONS = YES;
				CLANG_WARN_DIRECT_OBJC_ISA_USAGE = YES_ERROR;
				CLANG_WARN_DOCUMENTATION_COMMENTS = YES;
				CLANG_WARN_EMPTY_BODY = YES;
				CLANG_WARN_ENUM_CONVERSION = YES;
				CLANG_WARN_INFINITE_RECURSION = YES;
				CLANG_WARN_INT_CONVERSION = YES;
				CLANG_WARN_NON_LITERAL_NULL_CONVERSION = YES;
				CLANG_WARN_OBJC_IMPLICIT_RETAIN_SELF = YES;
				CLANG_WARN_OBJC_LITERAL_CONVERSION = YES;
				CLANG_WARN_OBJC_ROOT_CLASS = YES_ERROR;
				CLANG_WARN_QUOTED_INCLUDE_IN_FRAMEWORK_HEADER = YES;
				CLANG_WARN_RANGE_LOOP_ANALYSIS = YES;
				CLANG_WARN_STRICT_PROTOTYPES = YES;
				CLANG_WARN_SUSPICIOUS_MOVE = YES;
				CLANG_WARN_UNGUARDED_AVAILABILITY = YES_AGGRESSIVE;
				CLANG_WARN_UNREACHABLE_CODE = YES;
				CLANG_WARN__DUPLICATE_METHOD_MATCH = YES;
				COPY_PHASE_STRIP = NO;
				DEBUG_INFORMATION_FORMAT = "dwarf-with-dsym";
				ENABLE_NS_ASSERTIONS = NO;
				ENABLE_STRICT_OBJC_MSGSEND = YES;
				GCC_C_LANGUAGE_STANDARD = gnu11;
				GCC_NO_COMMON_BLOCKS = YES;
				GCC_WARN_64_TO_32_BIT_CONVERSION = YES;
				GCC_WARN_ABOUT_RETURN_TYPE = YES_ERROR;
				GCC_WARN_UNDECLARED_SELECTOR = YES;
				GCC_WARN_UNINITIALIZED_AUTOS = YES_AGGRESSIVE;
				GCC_WARN_UNUSED_FUNCTION = YES;
				GCC_WARN_UNUSED_VARIABLE = YES;
				IPHONEOS_DEPLOYMENT_TARGET = 16.4;
				MTL_ENABLE_DEBUG_INFO = NO;
				MTL_FAST_MATH = YES;
				SDKROOT = iphoneos;
				SWIFT_COMPILATION_MODE = wholemodule;
				SWIFT_OPTIMIZATION_LEVEL = "-O";
				VALIDATE_PRODUCT = YES;
			};
			name = Release;
		};
		6F9DF7292A4294390076B788 /* Debug */ = {
			isa = XCBuildConfiguration;
			buildSettings = {
				ASSETCATALOG_COMPILER_APPICON_NAME = AppIcon;
				ASSETCATALOG_COMPILER_GLOBAL_ACCENT_COLOR_NAME = AccentColor;
				CODE_SIGN_STYLE = Automatic;
				CURRENT_PROJECT_VERSION = 1;
				DEVELOPMENT_TEAM = FP5AQZ56FT;
				GENERATE_INFOPLIST_FILE = YES;
				INFOPLIST_FILE = "nest-collection-demo/Info.plist";
				INFOPLIST_KEY_UIApplicationSupportsIndirectInputEvents = YES;
				INFOPLIST_KEY_UILaunchStoryboardName = LaunchScreen;
				INFOPLIST_KEY_UIMainStoryboardFile = Main;
				INFOPLIST_KEY_UISupportedInterfaceOrientations_iPad = "UIInterfaceOrientationPortrait UIInterfaceOrientationPortraitUpsideDown UIInterfaceOrientationLandscapeLeft UIInterfaceOrientationLandscapeRight";
				INFOPLIST_KEY_UISupportedInterfaceOrientations_iPhone = "UIInterfaceOrientationPortrait UIInterfaceOrientationLandscapeLeft UIInterfaceOrientationLandscapeRight";
				LD_RUNPATH_SEARCH_PATHS = (
					"$(inherited)",
					"@executable_path/Frameworks",
				);
				MARKETING_VERSION = 1.0;
				PRODUCT_BUNDLE_IDENTIFIER = "taro.nest-collection-demo";
				PRODUCT_NAME = "$(TARGET_NAME)";
				SWIFT_EMIT_LOC_STRINGS = YES;
				SWIFT_VERSION = 5.0;
				TARGETED_DEVICE_FAMILY = "1,2";
			};
			name = Debug;
		};
		6F9DF72A2A4294390076B788 /* Release */ = {
			isa = XCBuildConfiguration;
			buildSettings = {
				ASSETCATALOG_COMPILER_APPICON_NAME = AppIcon;
				ASSETCATALOG_COMPILER_GLOBAL_ACCENT_COLOR_NAME = AccentColor;
				CODE_SIGN_STYLE = Automatic;
				CURRENT_PROJECT_VERSION = 1;
				DEVELOPMENT_TEAM = FP5AQZ56FT;
				GENERATE_INFOPLIST_FILE = YES;
				INFOPLIST_FILE = "nest-collection-demo/Info.plist";
				INFOPLIST_KEY_UIApplicationSupportsIndirectInputEvents = YES;
				INFOPLIST_KEY_UILaunchStoryboardName = LaunchScreen;
				INFOPLIST_KEY_UIMainStoryboardFile = Main;
				INFOPLIST_KEY_UISupportedInterfaceOrientations_iPad = "UIInterfaceOrientationPortrait UIInterfaceOrientationPortraitUpsideDown UIInterfaceOrientationLandscapeLeft UIInterfaceOrientationLandscapeRight";
				INFOPLIST_KEY_UISupportedInterfaceOrientations_iPhone = "UIInterfaceOrientationPortrait UIInterfaceOrientationLandscapeLeft UIInterfaceOrientationLandscapeRight";
				LD_RUNPATH_SEARCH_PATHS = (
					"$(inherited)",
					"@executable_path/Frameworks",
				);
				MARKETING_VERSION = 1.0;
				PRODUCT_BUNDLE_IDENTIFIER = "taro.nest-collection-demo";
				PRODUCT_NAME = "$(TARGET_NAME)";
				SWIFT_EMIT_LOC_STRINGS = YES;
				SWIFT_VERSION = 5.0;
				TARGETED_DEVICE_FAMILY = "1,2";
			};
			name = Release;
		};
/* End XCBuildConfiguration section */

/* Begin XCConfigurationList section */
		6F9DF70F2A4294380076B788 /* Build configuration list for PBXProject "nest-collection-demo" */ = {
			isa = XCConfigurationList;
			buildConfigurations = (
				6F9DF7262A4294390076B788 /* Debug */,
				6F9DF7272A4294390076B788 /* Release */,
			);
			defaultConfigurationIsVisible = 0;
			defaultConfigurationName = Release;
		};
		6F9DF7282A4294390076B788 /* Build configuration list for PBXNativeTarget "nest-collection-demo" */ = {
			isa = XCConfigurationList;
			buildConfigurations = (
				6F9DF7292A4294390076B788 /* Debug */,
				6F9DF72A2A4294390076B788 /* Release */,
			);
			defaultConfigurationIsVisible = 0;
			defaultConfigurationName = Release;
		};
/* End XCConfigurationList section */

/* Begin XCRemoteSwiftPackageReference section */
		6F9DF72D2A4295080076B788 /* XCRemoteSwiftPackageReference "SnapKit" */ = {
			isa = XCRemoteSwiftPackageReference;
			repositoryURL = "https://github.com/SnapKit/SnapKit";
			requirement = {
				kind = upToNextMajorVersion;
				minimumVersion = 5.0.0;
			};
		};
/* End XCRemoteSwiftPackageReference section */

/* Begin XCSwiftPackageProductDependency section */
		6F9DF72E2A4295080076B788 /* SnapKit */ = {
			isa = XCSwiftPackageProductDependency;
			package = 6F9DF72D2A4295080076B788 /* XCRemoteSwiftPackageReference "SnapKit" */;
			productName = SnapKit;
		};
/* End XCSwiftPackageProductDependency section */
	};
	rootObject = 6F9DF70C2A4294380076B788 /* Project object */;
}
